github.com/adlane/exec v0.0.0-20171006170040-bf2ccecd9b4d h1:h2qhhqVnTYut/sZ95/p1GhQ+OJ+clVpIETKDFcGquWI=
github.com/adlane/exec v0.0.0-20171006170040-bf2ccecd9b4d/go.mod h1:AxtILHJcvFz+QSN7/g6eleTpJT/jao4riT8GVi6tsGU=
github.com/cheikhshift/gos v0.6.2 h1:7CIPNdphIL5KoxXeYM5O0l7TpyayDvNM0s54+b8nbmE=
github.com/cheikhshift/gos v0.6.2/go.mod h1:8t+ASswLRNpFjVU/Em7aKuL0+1tVYhSYL4C0oxDLs/Y=
github.com/fatih/color v1.7.0 h1:DkWD4oS2D8LGGgTQ6IvwJJXSL5Vp2ffcQg58nFV38Ys=
github.com/fatih/color v1.7.0/go.mod h1:Zm6kSWBoL9eyXnKyktHP6abPY2pDugNf5KwzbycvMj4=
github.com/mattn/go-colorable v0.0.9 h1:UVL0vNpWh04HeJXV0KLcaT7r06gOH2l4OW6ddYRUIY4=
github.com/mattn/go-colorable v0.0.9/go.mod h1:9vuHe8Xs5qXnSaW/c/ABM9alt+Vo+STaOChaDxuIBZU=
github.com/mattn/go-isatty v0.0.4 h1:bnP0vzxcAdeI1zdubAl5PjU6zsERjGZb7raWodagDYs=
github.com/mattn/go-isatty v0.0.4/go.mod h1:M+lRXTBqGeGNdLjl/ufCoiOlB5xdOkqRJdNxMWT7Zi4=
github.com/recoye/config v0.0.0-20170728235635-a95be5690d88 h1:DD5SBNwZv9hg9BoCk2/Tg3cNiTzsctZuGXxf2Vx0TBk=
github.com/recoye/config v0.0.0-20170728235635-a95be5690d88/go.mod h1:pBsHV9V5Oat5qXtc7q+mo8e7ruLCRqr0+KPMH/BH6wA=
github.com/tj/go-spin v1.1.0 h1:lhdWZsvImxvZ3q1C5OIB7d72DuOwP4O2NdBg9PyzNds=
github.com/tj/go-spin v1.1.0/go.mod h1:Mg1mzmePZm4dva8Qz60H2lHwmJ2loum4VIrLgVnKwh4=
golang.org/x/sys v0.0.0-20181213200352-4d1cda033e06 h1:0oC8rFnE+74kEmuHZ46F6KHsMr5Gx2gUQPuNz28iQZM=
golang.org/x/sys v0.0.0-20181213200352-4d1cda033e06/go.mod h1:STP8DvDyc/dI5b8T5hshtkjS+E42TnysNCUPdjciGhY=
gopkg.in/check.v1 v0.0.0-20161208181325-20d25e280405 h1:yhCVgyC4o1eVCa2tZl7eS0r+SDo693bJlVdllGtEeKM=
gopkg.in/check.v1 v0.0.0-20161208181325-20d25e280405/go.mod h1:Co6ibVJAznAaIkqp8huTwlJQCZ016jof/cbN4VW5Yz0=
gopkg.in/yaml.v2 v2.2.2 h1:ZCJp+EgiOT7lHqUV2J862kp8Qj64Jo6az82+3Td9dZw=
gopkg.in/yaml.v2 v2.2.2/go.mod h1:hI93XBmqTisBFMUTm0b8Fm+jr3Dg1NNxqwp+5A1VGuI=
