# This file is autogenerated, do not edit; changes may be undone by the next 'dep ensure'.


[[projects]]
  branch = "master"
  name = "github.com/recoye/config"
  packages = ["."]
  revision = "a95be5690d88c92920332c184349f9bced0d9378"

[solve-meta]
  analyzer-name = "dep"
  analyzer-version = 1
  inputs-digest = "7d5da403356e9b44e980457cbd16981c74c4cf15460bd0ea5ab0f92642d9fe08"
  solver-name = "gps-cdcl"
  solver-version = 1
